// !$*UTF8*$!
{
	archiveVersion = 1;
	classes = {
	};
	objectVersion = 56;
	objects = {

/* Begin PBXBuildFile section */
		A1000001 /* ParlanceApp.swift in Sources */ = {isa = PBXBuildFile; fileRef = A2000001 /* ParlanceApp.swift */; };
		A1000002 /* ContentView.swift in Sources */ = {isa = PBXBuildFile; fileRef = A2000002 /* ContentView.swift */; };
		A1000003 /* Config.swift in Sources */ = {isa = PBXBuildFile; fileRef = A2000003 /* Config.swift */; };
		A1000004 /* Assets.xcassets in Resources */ = {isa = PBXBuildFile; fileRef = A2000004 /* Assets.xcassets */; };
		A1000006 /* Config.plist in Resources */ = {isa = PBXBuildFile; fileRef = A2000006 /* Config.plist */; };
		E74F04F02FF01AB60075581B /* StoreKitManager.swift in Sources */ = {isa = PBXBuildFile; fileRef = E74F04EF2FF01AB60075581B /* StoreKitManager.swift */; };
		E74F04F32FFB2E950075581B /* StoreKit.framework in Frameworks */ = {isa = PBXBuildFile; fileRef = E74F04F22FFB2E950075581B /* StoreKit.framework */; };
		E778CF132F9E327000296847 /* PrivacyPolicyView.swift in Sources */ = {isa = PBXBuildFile; fileRef = E778CF122F9E327000296847 /* PrivacyPolicyView.swift */; };
		547F896FA6263A8D95B9640E /* LanguageRegistry.swift in Sources */ = {isa = PBXBuildFile; fileRef = 6E532F21C3E862E57082D386 /* LanguageRegistry.swift */; };
		E778CF172F9E3AF800296847 /* styles.css in Resources */ = {isa = PBXBuildFile; fileRef = E778CF162F9E3AF800296847 /* styles.css */; };
		E178EA5FAF294FD995B2250E /* theme.css in Resources */ = {isa = PBXBuildFile; fileRef = A463845C556249D6A0B89D6A /* theme.css */; };
		E778CF192F9E3AF800296847 /* guide-es.html in Resources */ = {isa = PBXBuildFile; fileRef = E778CF182F9E3AF800296847 /* guide-es.html */; };
		E778CF1B2F9E3AF800296847 /* guide-fr.html in Resources */ = {isa = PBXBuildFile; fileRef = E778CF1A2F9E3AF800296847 /* guide-fr.html */; };
		E7DIAL032F9E500000296847 /* dialect-es.html in Resources */ = {isa = PBXBuildFile; fileRef = E7DIAL042F9E500000296847 /* dialect-es.html */; };
		E7DIAL052F9E500000296847 /* dialect-fr.html in Resources */ = {isa = PBXBuildFile; fileRef = E7DIAL062F9E500000296847 /* dialect-fr.html */; };
		E778CF1D2F9E3B5300296847 /* journal.js in Resources */ = {isa = PBXBuildFile; fileRef = E778CF1C2F9E3B5300296847 /* journal.js */; };
		E778CF1F2F9E3B7000296847 /* index.html in Resources */ = {isa = PBXBuildFile; fileRef = E778CF1E2F9E3B7000296847 /* index.html */; };
		E778CF212F9E46DF00296847 /* OnDeviceAnalyzer.swift in Sources */ = {isa = PBXBuildFile; fileRef = E778CF202F9E46DF00296847 /* OnDeviceAnalyzer.swift */; };
		E7924DC62FA115DE002A93FF /* rag-knowledge.js in Resources */ = {isa = PBXBuildFile; fileRef = E7924DC52FA115DE002A93FF /* rag-knowledge.js */; };
		D3CE4862509CA3F6C34F893A /* languages.js in Resources */ = {isa = PBXBuildFile; fileRef = 174B51703D7FCC6A370B4073 /* languages.js */; };
		DF7A313037314D04BAB614CC /* locales in Resources */ = {isa = PBXBuildFile; fileRef = 7D64C0421C1B42F0BE5EA5A2 /* locales */; };
		E7AI0001 /* AIProvider.swift in Sources */ = {isa = PBXBuildFile; fileRef = E7AI0002 /* AIProvider.swift */; };
		E7AI0003 /* AISettingsView.swift in Sources */ = {isa = PBXBuildFile; fileRef = E7AI0004 /* AISettingsView.swift */; };
		E7AI0005 /* ExternalAnalyzer.swift in Sources */ = {isa = PBXBuildFile; fileRef = E7AI0006 /* ExternalAnalyzer.swift */; };
		E7AI0007 /* AnthropicAnalyzer.swift in Sources */ = {isa = PBXBuildFile; fileRef = E7AI0008 /* AnthropicAnalyzer.swift */; };
		E7AI0009 /* GeminiAnalyzer.swift in Sources */ = {isa = PBXBuildFile; fileRef = E7AI0010 /* GeminiAnalyzer.swift */; };
		E7AI0011 /* UnifiedAnalyzer.swift in Sources */ = {isa = PBXBuildFile; fileRef = E7AI0012 /* UnifiedAnalyzer.swift */; };
		E7AI0013 /* FeedbackSanitizer.swift in Sources */ = {isa = PBXBuildFile; fileRef = E7AI0014 /* FeedbackSanitizer.swift */; };
		E7DE26612FBFEED80066F0F5 /* i18n.js in Resources */ = {isa = PBXBuildFile; fileRef = E7DE26602FBFEED80066F0F5 /* i18n.js */; };
		E7FB0011 /* AuthManager.swift in Sources */ = {isa = PBXBuildFile; fileRef = E7FB0001 /* AuthManager.swift */; };
		E7FB0012 /* FirebaseCloudAnalyzer.swift in Sources */ = {isa = PBXBuildFile; fileRef = E7FB0002 /* FirebaseCloudAnalyzer.swift */; };
		E7FB0013 /* GoogleService-Info.plist in Resources */ = {isa = PBXBuildFile; fileRef = E7FB0007 /* GoogleService-Info.plist */; };
		E7FB0101 /* FirebaseCore in Frameworks */ = {isa = PBXBuildFile; productRef = E7FB0201 /* FirebaseCore */; };
		E7FB0102 /* FirebaseAuth in Frameworks */ = {isa = PBXBuildFile; productRef = E7FB0202 /* FirebaseAuth */; };
		E7FB0103 /* FirebaseFunctions in Frameworks */ = {isa = PBXBuildFile; productRef = E7FB0203 /* FirebaseFunctions */; };
		E7FB0104 /* GoogleSignIn in Frameworks */ = {isa = PBXBuildFile; productRef = E7FB0204 /* GoogleSignIn */; };
		E7PKG0101 /* MLXLLM in Frameworks */ = {isa = PBXBuildFile; productRef = E7PKG0201 /* MLXLLM */; };
		E7PKG0102 /* MLXLMCommon in Frameworks */ = {isa = PBXBuildFile; productRef = E7PKG0202 /* MLXLMCommon */; };
		E7PKG0103 /* MLXLMTransformers in Frameworks */ = {isa = PBXBuildFile; productRef = E7PKG0203 /* MLXLMTransformers */; };
		E7SLM0001 /* ParlanceSLMAnalyzer.swift in Sources */ = {isa = PBXBuildFile; fileRef = E7SLM0002 /* ParlanceSLMAnalyzer.swift */; };
		E7SLM0011 /* ParlanceSLMEngine.swift in Sources */ = {isa = PBXBuildFile; fileRef = E7SLM0021 /* ParlanceSLMEngine.swift */; };
		E7SLM0012 /* ParlanceSLMModelLocator.swift in Sources */ = {isa = PBXBuildFile; fileRef = E7SLM0022 /* ParlanceSLMModelLocator.swift */; };
		E7SLM0013 /* ParlanceSLMFeedbackValidator.swift in Sources */ = {isa = PBXBuildFile; fileRef = E7SLM0023 /* ParlanceSLMFeedbackValidator.swift */; };
		E7SLM0030 /* parlance-es-mlx in Resources */ = {isa = PBXBuildFile; fileRef = E7SLM0031 /* parlance-es-mlx */; };
		E7SLM0032 /* parlance-fr-mlx in Resources */ = {isa = PBXBuildFile; fileRef = E7SLM0033 /* parlance-fr-mlx */; };
		E7WEB0011 /* feedback-sanitize.js in Resources */ = {isa = PBXBuildFile; fileRef = E7WEB0010 /* feedback-sanitize.js */; };
		E7WEB0013 /* coach-rules-es.js in Resources */ = {isa = PBXBuildFile; fileRef = E7WEB0012 /* coach-rules-es.js */; };
		E7WEB0015 /* coach-rules-engine.js in Resources */ = {isa = PBXBuildFile; fileRef = E7WEB0014 /* coach-rules-engine.js */; };
		E7WEB0017 /* coach-standard-es.js in Resources */ = {isa = PBXBuildFile; fileRef = E7WEB0016 /* coach-standard-es.js */; };
		E7WEB0019 /* coach-standard.js in Resources */ = {isa = PBXBuildFile; fileRef = E7WEB0018 /* coach-standard.js */; };
		E7WEB0021 /* coach-standard-fr.js in Resources */ = {isa = PBXBuildFile; fileRef = E7WEB0020 /* coach-standard-fr.js */; };
		B8A093FDD2B64109BFAB7970 /* content-theme.css in Resources */ = {isa = PBXBuildFile; fileRef = 2E40255437BD466EBAEA5137 /* content-theme.css */; };
		66E9F4100EEA4FABA027BAC8 /* content-guide.css in Resources */ = {isa = PBXBuildFile; fileRef = 31AB80AE6A1B4355817DA104 /* content-guide.css */; };
		00366AAF97E741748FB640B1 /* guide-ui.js in Resources */ = {isa = PBXBuildFile; fileRef = DD2A8B9884FE4AEFA6B6778E /* guide-ui.js */; };
		630DB43893084953958C78B3 /* privacy.html in Resources */ = {isa = PBXBuildFile; fileRef = 8FE06A1F4B0044C19951A114 /* privacy.html */; };
		007621291D03480C806486B6 /* coach-rules-fr.js in Resources */ = {isa = PBXBuildFile; fileRef = A89BCCDC4ECB488D8F481878 /* coach-rules-fr.js */; };
		0A8475BDFFF34870A5195082 /* guide-en.html in Resources */ = {isa = PBXBuildFile; fileRef = C209906311E747FB8FBF6ACC /* guide-en.html */; };
		B4DC3BCDE3144B09BFB8C775 /* dialect-en.html in Resources */ = {isa = PBXBuildFile; fileRef = 8355206855574E89B1FF2247 /* dialect-en.html */; };
		38488591AA25475EBCE9F500 /* coach-standard-en.js in Resources */ = {isa = PBXBuildFile; fileRef = 5CA474DB8C6F41F0B03F2C07 /* coach-standard-en.js */; };
		8EC53A0A681D4DC4A50FC8A8 /* domain-medical.html in Resources */ = {isa = PBXBuildFile; fileRef = 64A289553972460C9833426C /* domain-medical.html */; };
		3A711952A45D4632BBAD77BB /* domain-legal.html in Resources */ = {isa = PBXBuildFile; fileRef = 5087EB470E814C3D851A57F4 /* domain-legal.html */; };
/* End PBXBuildFile section */

/* Begin PBXFileReference section */
		A2000001 /* ParlanceApp.swift */ = {isa = PBXFileReference; lastKnownFileType = sourcecode.swift; path = ParlanceApp.swift; sourceTree = "<group>"; };
		A2000002 /* ContentView.swift */ = {isa = PBXFileReference; lastKnownFileType = sourcecode.swift; path = ContentView.swift; sourceTree = "<group>"; };
		A2000003 /* Config.swift */ = {isa = PBXFileReference; lastKnownFileType = sourcecode.swift; path = Config.swift; sourceTree = "<group>"; };
		A2000004 /* Assets.xcassets */ = {isa = PBXFileReference; lastKnownFileType = folder.assetcatalog; path = Assets.xcassets; sourceTree = "<group>"; };
		A2000006 /* Config.plist */ = {isa = PBXFileReference; lastKnownFileType = text.plist.xml; path = Config.plist; sourceTree = "<group>"; };
		A2000007 /* Info.plist */ = {isa = PBXFileReference; lastKnownFileType = text.plist.xml; path = Info.plist; sourceTree = "<group>"; };
		A3000001 /* Parlance - Interpreter Journal.app */ = {isa = PBXFileReference; explicitFileType = wrapper.application; includeInIndex = 0; path = "Parlance - Interpreter Journal.app"; sourceTree = BUILT_PRODUCTS_DIR; };
		E74F04EF2FF01AB60075581B /* StoreKitManager.swift */ = {isa = PBXFileReference; lastKnownFileType = sourcecode.swift; path = StoreKitManager.swift; sourceTree = "<group>"; };
		E74F04F22FFB2E950075581B /* StoreKit.framework */ = {isa = PBXFileReference; lastKnownFileType = wrapper.framework; name = StoreKit.framework; path = System/Library/Frameworks/StoreKit.framework; sourceTree = SDKROOT; };
		E778CF122F9E327000296847 /* PrivacyPolicyView.swift */ = {isa = PBXFileReference; lastKnownFileType = sourcecode.swift; path = PrivacyPolicyView.swift; sourceTree = "<group>"; };
		6E532F21C3E862E57082D386 /* LanguageRegistry.swift */ = {isa = PBXFileReference; lastKnownFileType = sourcecode.swift; path = LanguageRegistry.swift; sourceTree = "<group>"; };
		E778CF162F9E3AF800296847 /* styles.css */ = {isa = PBXFileReference; lastKnownFileType = text.css; path = styles.css; sourceTree = "<group>"; };
		A463845C556249D6A0B89D6A /* theme.css */ = {isa = PBXFileReference; lastKnownFileType = text.css; path = "theme.css"; sourceTree = "<group>"; };
		E778CF182F9E3AF800296847 /* guide-es.html */ = {isa = PBXFileReference; lastKnownFileType = text.html; path = "guide-es.html"; sourceTree = "<group>"; };
		E778CF1A2F9E3AF800296847 /* guide-fr.html */ = {isa = PBXFileReference; lastKnownFileType = text.html; path = "guide-fr.html"; sourceTree = "<group>"; };
		E7DIAL042F9E500000296847 /* dialect-es.html */ = {isa = PBXFileReference; lastKnownFileType = text.html; path = "dialect-es.html"; sourceTree = "<group>"; };
		E7DIAL062F9E500000296847 /* dialect-fr.html */ = {isa = PBXFileReference; lastKnownFileType = text.html; path = "dialect-fr.html"; sourceTree = "<group>"; };
		E778CF1C2F9E3B5300296847 /* journal.js */ = {isa = PBXFileReference; lastKnownFileType = sourcecode.javascript; path = journal.js; sourceTree = "<group>"; };
		E778CF1E2F9E3B7000296847 /* index.html */ = {isa = PBXFileReference; lastKnownFileType = text.html; path = index.html; sourceTree = "<group>"; };
		E778CF202F9E46DF00296847 /* OnDeviceAnalyzer.swift */ = {isa = PBXFileReference; lastKnownFileType = sourcecode.swift; path = OnDeviceAnalyzer.swift; sourceTree = "<group>"; };
		E7924DC52FA115DE002A93FF /* rag-knowledge.js */ = {isa = PBXFileReference; lastKnownFileType = sourcecode.javascript; path = "rag-knowledge.js"; sourceTree = "<group>"; };
		174B51703D7FCC6A370B4073 /* languages.js */ = {isa = PBXFileReference; lastKnownFileType = sourcecode.javascript; path = "languages.js"; sourceTree = "<group>"; };
		7D64C0421C1B42F0BE5EA5A2 /* locales */ = {isa = PBXFileReference; lastKnownFileType = folder; path = locales; sourceTree = "<group>"; };
		E7AI0002 /* AIProvider.swift */ = {isa = PBXFileReference; lastKnownFileType = sourcecode.swift; path = AIProvider.swift; sourceTree = "<group>"; };
		E7AI0004 /* AISettingsView.swift */ = {isa = PBXFileReference; lastKnownFileType = sourcecode.swift; path = AISettingsView.swift; sourceTree = "<group>"; };
		E7AI0006 /* ExternalAnalyzer.swift */ = {isa = PBXFileReference; lastKnownFileType = sourcecode.swift; path = ExternalAnalyzer.swift; sourceTree = "<group>"; };
		E7AI0008 /* AnthropicAnalyzer.swift */ = {isa = PBXFileReference; lastKnownFileType = sourcecode.swift; path = AnthropicAnalyzer.swift; sourceTree = "<group>"; };
		E7AI0010 /* GeminiAnalyzer.swift */ = {isa = PBXFileReference; lastKnownFileType = sourcecode.swift; path = GeminiAnalyzer.swift; sourceTree = "<group>"; };
		E7AI0012 /* UnifiedAnalyzer.swift */ = {isa = PBXFileReference; lastKnownFileType = sourcecode.swift; path = UnifiedAnalyzer.swift; sourceTree = "<group>"; };
		E7AI0014 /* FeedbackSanitizer.swift */ = {isa = PBXFileReference; lastKnownFileType = sourcecode.swift; path = FeedbackSanitizer.swift; sourceTree = "<group>"; };
		E7DE26602FBFEED80066F0F5 /* i18n.js */ = {isa = PBXFileReference; lastKnownFileType = sourcecode.javascript; path = i18n.js; sourceTree = "<group>"; };
		E7FB0001 /* AuthManager.swift */ = {isa = PBXFileReference; lastKnownFileType = sourcecode.swift; path = AuthManager.swift; sourceTree = "<group>"; };
		E7FB0002 /* FirebaseCloudAnalyzer.swift */ = {isa = PBXFileReference; lastKnownFileType = sourcecode.swift; path = FirebaseCloudAnalyzer.swift; sourceTree = "<group>"; };
		E7FB0003 /* Parlance.entitlements */ = {isa = PBXFileReference; lastKnownFileType = text.plist.entitlements; path = Parlance.entitlements; sourceTree = "<group>"; };
		E7FB0004 /* GoogleService-Info.plist.example */ = {isa = PBXFileReference; lastKnownFileType = text.plist.xml; path = "GoogleService-Info.plist.example"; sourceTree = "<group>"; };
		E7FB0007 /* GoogleService-Info.plist */ = {isa = PBXFileReference; lastKnownFileType = text.plist.xml; path = "GoogleService-Info.plist"; sourceTree = "<group>"; };
		E7SLM0002 /* ParlanceSLMAnalyzer.swift */ = {isa = PBXFileReference; lastKnownFileType = sourcecode.swift; path = ParlanceSLMAnalyzer.swift; sourceTree = "<group>"; };
		E7SLM0021 /* ParlanceSLMEngine.swift */ = {isa = PBXFileReference; lastKnownFileType = sourcecode.swift; path = ParlanceSLMEngine.swift; sourceTree = "<group>"; };
		E7SLM0022 /* ParlanceSLMModelLocator.swift */ = {isa = PBXFileReference; lastKnownFileType = sourcecode.swift; path = ParlanceSLMModelLocator.swift; sourceTree = "<group>"; };
		E7SLM0023 /* ParlanceSLMFeedbackValidator.swift */ = {isa = PBXFileReference; lastKnownFileType = sourcecode.swift; path = ParlanceSLMFeedbackValidator.swift; sourceTree = "<group>"; };
		E7SLM0031 /* parlance-es-mlx */ = {isa = PBXFileReference; lastKnownFileType = folder; path = "parlance-es-mlx"; sourceTree = "<group>"; };
		E7SLM0033 /* parlance-fr-mlx */ = {isa = PBXFileReference; lastKnownFileType = folder; path = "parlance-fr-mlx"; sourceTree = "<group>"; };
		E7WEB0010 /* feedback-sanitize.js */ = {isa = PBXFileReference; lastKnownFileType = sourcecode.javascript; path = "feedback-sanitize.js"; sourceTree = "<group>"; };
		E7WEB0012 /* coach-rules-es.js */ = {isa = PBXFileReference; lastKnownFileType = sourcecode.javascript; path = "coach-rules-es.js"; sourceTree = "<group>"; };
		E7WEB0014 /* coach-rules-engine.js */ = {isa = PBXFileReference; lastKnownFileType = sourcecode.javascript; path = "coach-rules-engine.js"; sourceTree = "<group>"; };
		E7WEB0016 /* coach-standard-es.js */ = {isa = PBXFileReference; lastKnownFileType = sourcecode.javascript; path = "coach-standard-es.js"; sourceTree = "<group>"; };
		E7WEB0018 /* coach-standard.js */ = {isa = PBXFileReference; lastKnownFileType = sourcecode.javascript; path = "coach-standard.js"; sourceTree = "<group>"; };
		E7WEB0020 /* coach-standard-fr.js */ = {isa = PBXFileReference; lastKnownFileType = sourcecode.javascript; path = "coach-standard-fr.js"; sourceTree = "<group>"; };
		2E40255437BD466EBAEA5137 /* content-theme.css */ = {isa = PBXFileReference; lastKnownFileType = text.css; path = "content-theme.css"; sourceTree = "<group>"; };
		31AB80AE6A1B4355817DA104 /* content-guide.css */ = {isa = PBXFileReference; lastKnownFileType = text.css; path = "content-guide.css"; sourceTree = "<group>"; };
		DD2A8B9884FE4AEFA6B6778E /* guide-ui.js */ = {isa = PBXFileReference; lastKnownFileType = sourcecode.javascript; path = "guide-ui.js"; sourceTree = "<group>"; };
		8FE06A1F4B0044C19951A114 /* privacy.html */ = {isa = PBXFileReference; lastKnownFileType = text.html; path = privacy.html; sourceTree = "<group>"; };
		A89BCCDC4ECB488D8F481878 /* coach-rules-fr.js */ = {isa = PBXFileReference; lastKnownFileType = sourcecode.javascript; path = "coach-rules-fr.js"; sourceTree = "<group>"; };
		C209906311E747FB8FBF6ACC /* guide-en.html */ = {isa = PBXFileReference; lastKnownFileType = text.html; path = "guide-en.html"; sourceTree = "<group>"; };
		8355206855574E89B1FF2247 /* dialect-en.html */ = {isa = PBXFileReference; lastKnownFileType = text.html; path = "dialect-en.html"; sourceTree = "<group>"; };
		5CA474DB8C6F41F0B03F2C07 /* coach-standard-en.js */ = {isa = PBXFileReference; lastKnownFileType = sourcecode.javascript; path = "coach-standard-en.js"; sourceTree = "<group>"; };
		64A289553972460C9833426C /* domain-medical.html */ = {isa = PBXFileReference; lastKnownFileType = text.html; path = "domain-medical.html"; sourceTree = "<group>"; };
		5087EB470E814C3D851A57F4 /* domain-legal.html */ = {isa = PBXFileReference; lastKnownFileType = text.html; path = "domain-legal.html"; sourceTree = "<group>"; };
/* End PBXFileReference section */

/* Begin PBXFrameworksBuildPhase section */
		A4000001 /* Frameworks */ = {
			isa = PBXFrameworksBuildPhase;
			buildActionMask = 2147483647;
			files = (
				E7FB0101 /* FirebaseCore in Frameworks */,
				E7FB0102 /* FirebaseAuth in Frameworks */,
				E7FB0103 /* FirebaseFunctions in Frameworks */,
				E74F04F32FFB2E950075581B /* StoreKit.framework in Frameworks */,
				E7FB0104 /* GoogleSignIn in Frameworks */,
				E7PKG0101 /* MLXLLM in Frameworks */,
				E7PKG0102 /* MLXLMCommon in Frameworks */,
				E7PKG0103 /* MLXLMTransformers in Frameworks */,
			);
			runOnlyForDeploymentPostprocessing = 0;
		};
/* End PBXFrameworksBuildPhase section */

/* Begin PBXGroup section */
		A5000000 = {
			isa = PBXGroup;
			children = (
				A5000001 /* Parlance */,
				E74F04F12FFB2E950075581B /* Frameworks */,
				A5000002 /* Products */,
			);
			sourceTree = "<group>";
		};
		A5000001 /* Parlance */ = {
			isa = PBXGroup;
			children = (
				A2000001 /* ParlanceApp.swift */,
				E7FB0001 /* AuthManager.swift */,
				E7FB0002 /* FirebaseCloudAnalyzer.swift */,
				E7FB0003 /* Parlance.entitlements */,
				E7FB0004 /* GoogleService-Info.plist.example */,
				E7FB0007 /* GoogleService-Info.plist */,
				A2000002 /* ContentView.swift */,
				A2000003 /* Config.swift */,
				A2000006 /* Config.plist */,
				A2000007 /* Info.plist */,
				A2000004 /* Assets.xcassets */,
				E778CF122F9E327000296847 /* PrivacyPolicyView.swift */,
				6E532F21C3E862E57082D386 /* LanguageRegistry.swift */,
				E778CF142F9E3A9200296847 /* web */,
				E778CF202F9E46DF00296847 /* OnDeviceAnalyzer.swift */,
				E7AI0002 /* AIProvider.swift */,
				E7AI0004 /* AISettingsView.swift */,
				E7AI0006 /* ExternalAnalyzer.swift */,
				E7AI0014 /* FeedbackSanitizer.swift */,
				E7AI0008 /* AnthropicAnalyzer.swift */,
				E7AI0010 /* GeminiAnalyzer.swift */,
				E7AI0012 /* UnifiedAnalyzer.swift */,
				E7SLM0002 /* ParlanceSLMAnalyzer.swift */,
				E7SLM0021 /* ParlanceSLMEngine.swift */,
				E7SLM0022 /* ParlanceSLMModelLocator.swift */,
				E7SLM0023 /* ParlanceSLMFeedbackValidator.swift */,
				E7SLM0040 /* Models */,
				E74F04EF2FF01AB60075581B /* StoreKitManager.swift */,
			);
			path = Parlance;
			sourceTree = "<group>";
		};
		A5000002 /* Products */ = {
			isa = PBXGroup;
			children = (
				A3000001 /* Parlance - Interpreter Journal.app */,
			);
			name = Products;
			sourceTree = "<group>";
		};
		E74F04F12FFB2E950075581B /* Frameworks */ = {
			isa = PBXGroup;
			children = (
				E74F04F22FFB2E950075581B /* StoreKit.framework */,
			);
			name = Frameworks;
			sourceTree = "<group>";
		};
		E778CF142F9E3A9200296847 /* web */ = {
			isa = PBXGroup;
			children = (
				E778CF162F9E3AF800296847 /* styles.css */,
				A463845C556249D6A0B89D6A /* theme.css */,
				E778CF1C2F9E3B5300296847 /* journal.js */,
				E778CF1E2F9E3B7000296847 /* index.html */,
				E778CF182F9E3AF800296847 /* guide-es.html */,
				E778CF1A2F9E3AF800296847 /* guide-fr.html */,
				E7DIAL042F9E500000296847 /* dialect-es.html */,
				E7DIAL062F9E500000296847 /* dialect-fr.html */,
				E7924DC52FA115DE002A93FF /* rag-knowledge.js */,
				174B51703D7FCC6A370B4073 /* languages.js */,
				7D64C0421C1B42F0BE5EA5A2 /* locales */,
				E7DE26602FBFEED80066F0F5 /* i18n.js */,
				E7WEB0010 /* feedback-sanitize.js */,
				E7WEB0012 /* coach-rules-es.js */,
				E7WEB0014 /* coach-rules-engine.js */,
				E7WEB0016 /* coach-standard-es.js */,
				E7WEB0018 /* coach-standard.js */,
				E7WEB0020 /* coach-standard-fr.js */,
				2E40255437BD466EBAEA5137 /* content-theme.css */,
				31AB80AE6A1B4355817DA104 /* content-guide.css */,
				DD2A8B9884FE4AEFA6B6778E /* guide-ui.js */,
				8FE06A1F4B0044C19951A114 /* privacy.html */,
				A89BCCDC4ECB488D8F481878 /* coach-rules-fr.js */,
				C209906311E747FB8FBF6ACC /* guide-en.html */,
				8355206855574E89B1FF2247 /* dialect-en.html */,
				5CA474DB8C6F41F0B03F2C07 /* coach-standard-en.js */,
				64A289553972460C9833426C /* domain-medical.html */,
				5087EB470E814C3D851A57F4 /* domain-legal.html */,
			);
			path = web;
			sourceTree = "<group>";
		};
		E7SLM0040 /* Models */ = {
			isa = PBXGroup;
			children = (
				E7SLM0031 /* parlance-es-mlx */,
				E7SLM0033 /* parlance-fr-mlx */,
			);
			path = Models;
			sourceTree = "<group>";
		};
/* End PBXGroup section */

/* Begin PBXNativeTarget section */
		A6000001 /* Parlance */ = {
			isa = PBXNativeTarget;
			buildConfigurationList = A8000001 /* Build configuration list for PBXNativeTarget "Parlance" */;
			buildPhases = (
				A7000001 /* Sources */,
				A4000001 /* Frameworks */,
				A7000002 /* Resources */,
			);
			buildRules = (
			);
			dependencies = (
			);
			name = Parlance;
			packageProductDependencies = (
				E7FB0201 /* FirebaseCore */,
				E7FB0202 /* FirebaseAuth */,
				E7FB0203 /* FirebaseFunctions */,
				E7FB0204 /* GoogleSignIn */,
				E7PKG0201 /* MLXLLM */,
				E7PKG0202 /* MLXLMCommon */,
				E7PKG0203 /* MLXLMTransformers */,
			);
			productName = Diario;
			productReference = A3000001 /* Parlance - Interpreter Journal.app */;
			productType = "com.apple.product-type.application";
		};
/* End PBXNativeTarget section */

/* Begin PBXProject section */
		A9000001 /* Project object */ = {
			isa = PBXProject;
			attributes = {
				BuildIndependentTargetsInParallel = 1;
				LastSwiftUpdateCheck = 1500;
				LastUpgradeCheck = 1500;
				TargetAttributes = {
					A6000001 = {
						CreatedOnToolsVersion = 15.0;
					};
				};
			};
			buildConfigurationList = A8000002 /* Build configuration list for PBXProject "Parlance" */;
			compatibilityVersion = "Xcode 14.0";
			developmentRegion = en;
			hasScannedForEncodings = 0;
			knownRegions = (
				en,
				Base,
			);
			mainGroup = A5000000;
			packageReferences = (
				E7FB0005 /* XCRemoteSwiftPackageReference "firebase-ios-sdk" */,
				E7FB0006 /* XCRemoteSwiftPackageReference "GoogleSignIn-iOS" */,
				E7PKG0001 /* XCRemoteSwiftPackageReference "mlx-swift-lm" */,
				E7PKG0002 /* XCRemoteSwiftPackageReference "swift-transformers-mlx" */,
			);
			productRefGroup = A5000002 /* Products */;
			projectDirPath = "";
			projectRoot = "";
			targets = (
				A6000001 /* Parlance */,
			);
		};
/* End PBXProject section */

/* Begin PBXResourcesBuildPhase section */
		A7000002 /* Resources */ = {
			isa = PBXResourcesBuildPhase;
			buildActionMask = 2147483647;
			files = (
				E7DE26612FBFEED80066F0F5 /* i18n.js in Resources */,
				E778CF1B2F9E3AF800296847 /* guide-fr.html in Resources */,
				A1000004 /* Assets.xcassets in Resources */,
				E7924DC62FA115DE002A93FF /* rag-knowledge.js in Resources */,
				D3CE4862509CA3F6C34F893A /* languages.js in Resources */,
				DF7A313037314D04BAB614CC /* locales in Resources */,
				E778CF172F9E3AF800296847 /* styles.css in Resources */,
				E178EA5FAF294FD995B2250E /* theme.css in Resources */,
				E778CF192F9E3AF800296847 /* guide-es.html in Resources */,
				E7DIAL032F9E500000296847 /* dialect-es.html in Resources */,
				E7DIAL052F9E500000296847 /* dialect-fr.html in Resources */,
				E778CF1F2F9E3B7000296847 /* index.html in Resources */,
				A1000006 /* Config.plist in Resources */,
				E7FB0013 /* GoogleService-Info.plist in Resources */,
				E778CF1D2F9E3B5300296847 /* journal.js in Resources */,
				E7WEB0011 /* feedback-sanitize.js in Resources */,
				E7WEB0013 /* coach-rules-es.js in Resources */,
				E7WEB0015 /* coach-rules-engine.js in Resources */,
				E7WEB0017 /* coach-standard-es.js in Resources */,
				E7WEB0019 /* coach-standard.js in Resources */,
				E7WEB0021 /* coach-standard-fr.js in Resources */,
				E7SLM0030 /* parlance-es-mlx in Resources */,
				E7SLM0032 /* parlance-fr-mlx in Resources */,
				B8A093FDD2B64109BFAB7970 /* content-theme.css in Resources */,
				66E9F4100EEA4FABA027BAC8 /* content-guide.css in Resources */,
				00366AAF97E741748FB640B1 /* guide-ui.js in Resources */,
				630DB43893084953958C78B3 /* privacy.html in Resources */,
				007621291D03480C806486B6 /* coach-rules-fr.js in Resources */,
				0A8475BDFFF34870A5195082 /* guide-en.html in Resources */,
				B4DC3BCDE3144B09BFB8C775 /* dialect-en.html in Resources */,
				38488591AA25475EBCE9F500 /* coach-standard-en.js in Resources */,
				8EC53A0A681D4DC4A50FC8A8 /* domain-medical.html in Resources */,
				3A711952A45D4632BBAD77BB /* domain-legal.html in Resources */,
			);
			runOnlyForDeploymentPostprocessing = 0;
		};
/* End PBXResourcesBuildPhase section */

/* Begin PBXSourcesBuildPhase section */
		A7000001 /* Sources */ = {
			isa = PBXSourcesBuildPhase;
			buildActionMask = 2147483647;
			files = (
				A1000001 /* ParlanceApp.swift in Sources */,
				A1000002 /* ContentView.swift in Sources */,
				E778CF212F9E46DF00296847 /* OnDeviceAnalyzer.swift in Sources */,
				A1000003 /* Config.swift in Sources */,
				E778CF132F9E327000296847 /* PrivacyPolicyView.swift in Sources */,
				547F896FA6263A8D95B9640E /* LanguageRegistry.swift in Sources */,
				E7AI0001 /* AIProvider.swift in Sources */,
				E7AI0003 /* AISettingsView.swift in Sources */,
				E7AI0005 /* ExternalAnalyzer.swift in Sources */,
				E7AI0013 /* FeedbackSanitizer.swift in Sources */,
				E7AI0007 /* AnthropicAnalyzer.swift in Sources */,
				E7AI0009 /* GeminiAnalyzer.swift in Sources */,
				E7AI0011 /* UnifiedAnalyzer.swift in Sources */,
				E7SLM0001 /* ParlanceSLMAnalyzer.swift in Sources */,
				E74F04F02FF01AB60075581B /* StoreKitManager.swift in Sources */,
				E7SLM0011 /* ParlanceSLMEngine.swift in Sources */,
				E7SLM0012 /* ParlanceSLMModelLocator.swift in Sources */,
				E7SLM0013 /* ParlanceSLMFeedbackValidator.swift in Sources */,
				E7FB0011 /* AuthManager.swift in Sources */,
				E7FB0012 /* FirebaseCloudAnalyzer.swift in Sources */,
			);
			runOnlyForDeploymentPostprocessing = 0;
		};
/* End PBXSourcesBuildPhase section */

/* Begin XCBuildConfiguration section */
		A8000003 /* Debug */ = {
			isa = XCBuildConfiguration;
			buildSettings = {
				ALWAYS_SEARCH_USER_PATHS = NO;
				ASSETCATALOG_COMPILER_GENERATE_SWIFT_ASSET_SYMBOL_EXTENSIONS = YES;
				CLANG_ANALYZER_NONNULL = YES;
				CLANG_ANALYZER_NUMBER_OBJECT_CONVERSION = YES_AGGRESSIVE;
				CLANG_CXX_LANGUAGE_STANDARD = "gnu++20";
				CLANG_ENABLE_MODULES = YES;
				CLANG_ENABLE_OBJC_ARC = YES;
				CLANG_ENABLE_OBJC_WEAK = YES;
				CLANG_WARN_BLOCK_CAPTURE_AUTORELEASING = YES;
				CLANG_WARN_BOOL_CONVERSION = YES;
				CLANG_WARN_COMMA = YES;
				CLANG_WARN_CONSTANT_CONVERSION = YES;
				CLANG_WARN_DEPRECATED_OBJC_IMPLEMENTATIONS = YES;
				CLANG_WARN_DIRECT_OBJC_ISA_USAGE = YES_ERROR;
				CLANG_WARN_DOCUMENTATION_COMMENTS = YES;
				CLANG_WARN_EMPTY_BODY = YES;
				CLANG_WARN_ENUM_CONVERSION = YES;
				CLANG_WARN_INFINITE_RECURSION = YES;
				CLANG_WARN_INT_CONVERSION = YES;
				CLANG_WARN_NON_LITERAL_NULL_CONVERSION = YES;
				CLANG_WARN_OBJC_IMPLICIT_RETAIN_SELF = YES;
				CLANG_WARN_OBJC_LITERAL_CONVERSION = YES;
				CLANG_WARN_OBJC_ROOT_CLASS = YES_ERROR;
				CLANG_WARN_QUOTED_INCLUDE_IN_FRAMEWORK_HEADER = YES;
				CLANG_WARN_RANGE_LOOP_ANALYSIS = YES;
				CLANG_WARN_STRICT_PROTOTYPES = YES;
				CLANG_WARN_SUSPICIOUS_MOVE = YES;
				CLANG_WARN_UNINITIALIZED = YES;
				CLANG_WARN_UNREACHABLE_CODE = YES;
				CLANG_WARN__DUPLICATE_METHOD_MATCH = YES;
				COPY_PHASE_STRIP = NO;
				DEBUG_INFORMATION_FORMAT = dwarf;
				ENABLE_STRICT_OBJC_MSGSEND = YES;
				ENABLE_TESTABILITY = YES;
				ENABLE_USER_SCRIPT_SANDBOXING = YES;
				GCC_C_LANGUAGE_STANDARD = gnu17;
				GCC_DYNAMIC_NO_PIC = NO;
				GCC_NO_COMMON_BLOCKS = YES;
				GCC_OPTIMIZATION_LEVEL = 0;
				GCC_PREPROCESSOR_DEFINITIONS = (
					"DEBUG=1",
					"$(inherited)",
				);
				GCC_WARN_64_TO_32_BIT_CONVERSION = YES;
				GCC_WARN_ABOUT_RETURN_TYPE = YES_ERROR;
				GCC_WARN_UNDECLARED_SELECTOR = YES;
				GCC_WARN_UNINITIALIZED_AUTOS = YES_AGGRESSIVE;
				GCC_WARN_UNUSED_FUNCTION = YES;
				GCC_WARN_UNUSED_VARIABLE = YES;
				IPHONEOS_DEPLOYMENT_TARGET = 17.0;
				MTL_ENABLE_DEBUG_INFO = INCLUDE_SOURCE;
				MTL_FAST_MATH = YES;
				ONLY_ACTIVE_ARCH = YES;
				SDKROOT = iphoneos;
				SWIFT_ACTIVE_COMPILATION_CONDITIONS = "DEBUG $(inherited)";
				SWIFT_OPTIMIZATION_LEVEL = "-Onone";
			};
			name = Debug;
		};
		A8000004 /* Release */ = {
			isa = XCBuildConfiguration;
			buildSettings = {
				ALWAYS_SEARCH_USER_PATHS = NO;
				ASSETCATALOG_COMPILER_GENERATE_SWIFT_ASSET_SYMBOL_EXTENSIONS = YES;
				CLANG_ANALYZER_NONNULL = YES;
				CLANG_ANALYZER_NUMBER_OBJECT_CONVERSION = YES_AGGRESSIVE;
				CLANG_CXX_LANGUAGE_STANDARD = "gnu++20";
				CLANG_ENABLE_MODULES = YES;
				CLANG_ENABLE_OBJC_ARC = YES;
				CLANG_ENABLE_OBJC_WEAK = YES;
				CLANG_WARN_BLOCK_CAPTURE_AUTORELEASING = YES;
				CLANG_WARN_BOOL_CONVERSION = YES;
				CLANG_WARN_COMMA = YES;
				CLANG_WARN_CONSTANT_CONVERSION = YES;
				CLANG_WARN_DEPRECATED_OBJC_IMPLEMENTATIONS = YES;
				CLANG_WARN_DIRECT_OBJC_ISA_USAGE = YES_ERROR;
				CLANG_WARN_DOCUMENTATION_COMMENTS = YES;
				CLANG_WARN_EMPTY_BODY = YES;
				CLANG_WARN_ENUM_CONVERSION = YES;
				CLANG_WARN_INFINITE_RECURSION = YES;
				CLANG_WARN_INT_CONVERSION = YES;
				CLANG_WARN_NON_LITERAL_NULL_CONVERSION = YES;
				CLANG_WARN_OBJC_IMPLICIT_RETAIN_SELF = YES;
				CLANG_WARN_OBJC_LITERAL_CONVERSION = YES;
				CLANG_WARN_OBJC_ROOT_CLASS = YES_ERROR;
				CLANG_WARN_QUOTED_INCLUDE_IN_FRAMEWORK_HEADER = YES;
				CLANG_WARN_RANGE_LOOP_ANALYSIS = YES;
				CLANG_WARN_STRICT_PROTOTYPES = YES;
				CLANG_WARN_SUSPICIOUS_MOVE = YES;
				CLANG_WARN_UNINITIALIZED = YES;
				CLANG_WARN_UNREACHABLE_CODE = YES;
				CLANG_WARN__DUPLICATE_METHOD_MATCH = YES;
				COPY_PHASE_STRIP = NO;
				DEBUG_INFORMATION_FORMAT = "dwarf-with-dsym";
				ENABLE_NS_ASSERTIONS = NO;
				ENABLE_STRICT_OBJC_MSGSEND = YES;
				ENABLE_USER_SCRIPT_SANDBOXING = YES;
				GCC_C_LANGUAGE_STANDARD = gnu17;
				GCC_NO_COMMON_BLOCKS = YES;
				GCC_WARN_64_TO_32_BIT_CONVERSION = YES;
				GCC_WARN_ABOUT_RETURN_TYPE = YES_ERROR;
				GCC_WARN_UNDECLARED_SELECTOR = YES;
				GCC_WARN_UNINITIALIZED_AUTOS = YES_AGGRESSIVE;
				GCC_WARN_UNUSED_FUNCTION = YES;
				GCC_WARN_UNUSED_VARIABLE = YES;
				IPHONEOS_DEPLOYMENT_TARGET = 17.0;
				MTL_FAST_MATH = YES;
				SDKROOT = iphoneos;
				SWIFT_COMPILATION_MODE = wholemodule;
				VALIDATE_PRODUCT = YES;
			};
			name = Release;
		};
		A8000005 /* Debug */ = {
			isa = XCBuildConfiguration;
			buildSettings = {
				ASSETCATALOG_COMPILER_APPICON_NAME = AppIcon;
				ASSETCATALOG_COMPILER_GLOBAL_ACCENT_COLOR_NAME = AccentColor;
				ASSETCATALOG_COMPILER_INCLUDE_ALL_APPICON_ASSETS = YES;
				CODE_SIGN_ENTITLEMENTS = Parlance/Parlance.entitlements;
				CODE_SIGN_STYLE = Automatic;
				CURRENT_PROJECT_VERSION = 12;
				DEVELOPMENT_ASSET_PATHS = "";
				DEVELOPMENT_TEAM = 9869W49GYJ;
				ENABLE_PREVIEWS = YES;
				GENERATE_INFOPLIST_FILE = NO;
				INFOPLIST_FILE = Parlance/Info.plist;
				INFOPLIST_KEY_CFBundleDisplayName = Parlance;
				INFOPLIST_KEY_LSApplicationCategoryType = "public.app-category.education";
				IPHONEOS_DEPLOYMENT_TARGET = 17.0;
				MARKETING_VERSION = 2.3;
				PRODUCT_BUNDLE_IDENTIFIER = com.parlance.interpreterguide;
				PRODUCT_NAME = "Parlance - Interpreter Journal";
				SWIFT_EMIT_LOC_STRINGS = YES;
				SWIFT_VERSION = 6.0;
				TARGETED_DEVICE_FAMILY = "1,2";
			};
			name = Debug;
		};
		A8000006 /* Release */ = {
			isa = XCBuildConfiguration;
			buildSettings = {
				ASSETCATALOG_COMPILER_APPICON_NAME = AppIcon;
				ASSETCATALOG_COMPILER_GLOBAL_ACCENT_COLOR_NAME = AccentColor;
				ASSETCATALOG_COMPILER_INCLUDE_ALL_APPICON_ASSETS = YES;
				CODE_SIGN_ENTITLEMENTS = Parlance/Parlance.entitlements;
				CODE_SIGN_STYLE = Automatic;
				CURRENT_PROJECT_VERSION = 12;
				DEVELOPMENT_ASSET_PATHS = "";
				DEVELOPMENT_TEAM = 9869W49GYJ;
				ENABLE_PREVIEWS = YES;
				GENERATE_INFOPLIST_FILE = NO;
				INFOPLIST_FILE = Parlance/Info.plist;
				INFOPLIST_KEY_CFBundleDisplayName = Parlance;
				INFOPLIST_KEY_LSApplicationCategoryType = "public.app-category.education";
				IPHONEOS_DEPLOYMENT_TARGET = 17.0;
				MARKETING_VERSION = 2.3;
				PRODUCT_BUNDLE_IDENTIFIER = com.parlance.interpreterguide;
				PRODUCT_NAME = "Parlance - Interpreter Journal";
				SWIFT_EMIT_LOC_STRINGS = YES;
				SWIFT_VERSION = 6.0;
				TARGETED_DEVICE_FAMILY = "1,2";
			};
			name = Release;
		};
/* End XCBuildConfiguration section */

/* Begin XCConfigurationList section */
		A8000001 /* Build configuration list for PBXNativeTarget "Parlance" */ = {
			isa = XCConfigurationList;
			buildConfigurations = (
				A8000005 /* Debug */,
				A8000006 /* Release */,
			);
			defaultConfigurationIsVisible = 0;
			defaultConfigurationName = Release;
		};
		A8000002 /* Build configuration list for PBXProject "Parlance" */ = {
			isa = XCConfigurationList;
			buildConfigurations = (
				A8000003 /* Debug */,
				A8000004 /* Release */,
			);
			defaultConfigurationIsVisible = 0;
			defaultConfigurationName = Release;
		};
/* End XCConfigurationList section */

/* Begin XCRemoteSwiftPackageReference section */
		E7FB0005 /* XCRemoteSwiftPackageReference "firebase-ios-sdk" */ = {
			isa = XCRemoteSwiftPackageReference;
			repositoryURL = "https://github.com/firebase/firebase-ios-sdk";
			requirement = {
				kind = upToNextMajorVersion;
				minimumVersion = 11.0.0;
			};
		};
		E7FB0006 /* XCRemoteSwiftPackageReference "GoogleSignIn-iOS" */ = {
			isa = XCRemoteSwiftPackageReference;
			repositoryURL = "https://github.com/google/GoogleSignIn-iOS";
			requirement = {
				kind = upToNextMajorVersion;
				minimumVersion = 8.0.0;
			};
		};
		E7PKG0001 /* XCRemoteSwiftPackageReference "mlx-swift-lm" */ = {
			isa = XCRemoteSwiftPackageReference;
			repositoryURL = "https://github.com/ml-explore/mlx-swift-lm";
			requirement = {
				kind = upToNextMajorVersion;
				minimumVersion = 3.31.3;
			};
		};
		E7PKG0002 /* XCRemoteSwiftPackageReference "swift-transformers-mlx" */ = {
			isa = XCRemoteSwiftPackageReference;
			repositoryURL = "https://github.com/DePasqualeOrg/swift-transformers-mlx";
			requirement = {
				kind = upToNextMajorVersion;
				minimumVersion = 0.2.0;
			};
		};
/* End XCRemoteSwiftPackageReference section */

/* Begin XCSwiftPackageProductDependency section */
		E7FB0201 /* FirebaseCore */ = {
			isa = XCSwiftPackageProductDependency;
			package = E7FB0005 /* XCRemoteSwiftPackageReference "firebase-ios-sdk" */;
			productName = FirebaseCore;
		};
		E7FB0202 /* FirebaseAuth */ = {
			isa = XCSwiftPackageProductDependency;
			package = E7FB0005 /* XCRemoteSwiftPackageReference "firebase-ios-sdk" */;
			productName = FirebaseAuth;
		};
		E7FB0203 /* FirebaseFunctions */ = {
			isa = XCSwiftPackageProductDependency;
			package = E7FB0005 /* XCRemoteSwiftPackageReference "firebase-ios-sdk" */;
			productName = FirebaseFunctions;
		};
		E7FB0204 /* GoogleSignIn */ = {
			isa = XCSwiftPackageProductDependency;
			package = E7FB0006 /* XCRemoteSwiftPackageReference "GoogleSignIn-iOS" */;
			productName = GoogleSignIn;
		};
		E7PKG0201 /* MLXLLM */ = {
			isa = XCSwiftPackageProductDependency;
			package = E7PKG0001 /* XCRemoteSwiftPackageReference "mlx-swift-lm" */;
			productName = MLXLLM;
		};
		E7PKG0202 /* MLXLMCommon */ = {
			isa = XCSwiftPackageProductDependency;
			package = E7PKG0001 /* XCRemoteSwiftPackageReference "mlx-swift-lm" */;
			productName = MLXLMCommon;
		};
		E7PKG0203 /* MLXLMTransformers */ = {
			isa = XCSwiftPackageProductDependency;
			package = E7PKG0002 /* XCRemoteSwiftPackageReference "swift-transformers-mlx" */;
			productName = MLXLMTransformers;
		};
/* End XCSwiftPackageProductDependency section */
	};
	rootObject = A9000001 /* Project object */;
}
